
Microsoft Visual Studio Solution File, Format Version 12.00
# Visual Studio Version 16
VisualStudioVersion = 16.0.30413.136
MinimumVisualStudioVersion = 10.0.40219.1
Project("{FAE04EC0-301F-11D3-BF4B-00C04F79EFBC}") = "Pest1", "Pest1\Pest1.csproj", "{8345B456-9989-40B0-96AA-CF63183DD63C}"
EndProject
Global
	GlobalSection(SolutionConfigurationPlatforms) = preSolution
		Debug|Any CPU = Debug|Any CPU
		Release|Any CPU = Release|Any CPU
	EndGlobalSection
	GlobalSection(ProjectConfigurationPlatforms) = postSolution
		{8345B456-9989-40B0-96AA-CF63183DD63C}.Debug|Any CPU.ActiveCfg = Debug|Any CPU
		{8345B456-9989-40B0-96AA-CF63183DD63C}.Debug|Any CPU.Build.0 = Debug|Any CPU
		{8345B456-9989-40B0-96AA-CF63183DD63C}.Release|Any CPU.ActiveCfg = Release|Any CPU
		{8345B456-9989-40B0-96AA-CF63183DD63C}.Release|Any CPU.Build.0 = Release|Any CPU
	EndGlobalSection
	GlobalSection(SolutionProperties) = preSolution
		HideSolutionNode = FALSE
	EndGlobalSection
	GlobalSection(ExtensibilityGlobals) = postSolution
		SolutionGuid = {9F79BA79-CCA7-4F87-BBC2-2FAF841AD048}
	EndGlobalSection
EndGlobal
